
Microsoft Visual Studio Solution File, Format Version 12.00
# Visual Studio 2012
Project("{FAE04EC0-301F-11D3-BF4B-00C04F79EFBC}") = "Web", "Web\Web.csproj", "{318F445F-79AD-4A1F-A6B8-C9A108C9125E}"
EndProject
Project("{2150E333-8FDC-42A3-9474-1A3956D46DE8}") = ".nuget", ".nuget", "{92EF7E68-15BA-4D49-9F74-B6726E504FB2}"
	ProjectSection(SolutionItems) = preProject
		.nuget\NuGet.Config = .nuget\NuGet.Config
		.nuget\NuGet.exe = .nuget\NuGet.exe
		.nuget\NuGet.targets = .nuget\NuGet.targets
	EndProjectSection
EndProject
Project("{2150E333-8FDC-42A3-9474-1A3956D46DE8}") = "Scripts", "Scripts", "{31E7E4BF-29C4-4FFA-974A-2A044E5705F7}"
	ProjectSection(SolutionItems) = preProject
		getLatest.bat = getLatest.bat
	EndProjectSection
EndProject
Global
	GlobalSection(SolutionConfigurationPlatforms) = preSolution
		Debug|Any CPU = Debug|Any CPU
		Release|Any CPU = Release|Any CPU
	EndGlobalSection
	GlobalSection(ProjectConfigurationPlatforms) = postSolution
		{318F445F-79AD-4A1F-A6B8-C9A108C9125E}.Debug|Any CPU.ActiveCfg = Debug|Any CPU
		{318F445F-79AD-4A1F-A6B8-C9A108C9125E}.Debug|Any CPU.Build.0 = Debug|Any CPU
		{318F445F-79AD-4A1F-A6B8-C9A108C9125E}.Release|Any CPU.ActiveCfg = Release|Any CPU
		{318F445F-79AD-4A1F-A6B8-C9A108C9125E}.Release|Any CPU.Build.0 = Release|Any CPU
	EndGlobalSection
	GlobalSection(SolutionProperties) = preSolution
		HideSolutionNode = FALSE
	EndGlobalSection
EndGlobal
